// !$*UTF8*$!
{
	archiveVersion = 1;
	classes = {
	};
	objectVersion = 48;
	objects = {

/* Begin PBXBuildFile section */
		6EC71B7620596C3100C7F5F2 /* AppDelegate.swift in Sources */ = {isa = PBXBuildFile; fileRef = 6EC71B7520596C3100C7F5F2 /* AppDelegate.swift */; };
		6EC71B7820596C3100C7F5F2 /* ViewController.swift in Sources */ = {isa = PBXBuildFile; fileRef = 6EC71B7720596C3100C7F5F2 /* ViewController.swift */; };
		6EC71B7B20596C3100C7F5F2 /* Main.storyboard in Resources */ = {isa = PBXBuildFile; fileRef = 6EC71B7920596C3100C7F5F2 /* Main.storyboard */; };
		6EC71B7D20596C3100C7F5F2 /* Assets.xcassets in Resources */ = {isa = PBXBuildFile; fileRef = 6EC71B7C20596C3100C7F5F2 /* Assets.xcassets */; };
		6EC71B8020596C3100C7F5F2 /* LaunchScreen.storyboard in Resources */ = {isa = PBXBuildFile; fileRef = 6EC71B7E20596C3100C7F5F2 /* LaunchScreen.storyboard */; };
		6EC71B8B20596C3100C7F5F2 /* DPStyleExampleTests.swift in Sources */ = {isa = PBXBuildFile; fileRef = 6EC71B8A20596C3100C7F5F2 /* DPStyleExampleTests.swift */; };
		6EC71B9620596C3100C7F5F2 /* DPStyleExampleUITests.swift in Sources */ = {isa = PBXBuildFile; fileRef = 6EC71B9520596C3100C7F5F2 /* DPStyleExampleUITests.swift */; };
		6EC71BAD205AD19C00C7F5F2 /* DPStyle.framework in Frameworks */ = {isa = PBXBuildFile; fileRef = 6EC71BA920596D3A00C7F5F2 /* DPStyle.framework */; };
		6EC71BAE205AD19C00C7F5F2 /* DPStyle.framework in Embed Frameworks */ = {isa = PBXBuildFile; fileRef = 6EC71BA920596D3A00C7F5F2 /* DPStyle.framework */; settings = {ATTRIBUTES = (CodeSignOnCopy, RemoveHeadersOnCopy, ); }; };
		6EC71BB2205C29A800C7F5F2 /* Modules.swift in Sources */ = {isa = PBXBuildFile; fileRef = 6EC71BB1205C29A800C7F5F2 /* Modules.swift */; };
/* End PBXBuildFile section */

/* Begin PBXContainerItemProxy section */
		6EC71B8720596C3100C7F5F2 /* PBXContainerItemProxy */ = {
			isa = PBXContainerItemProxy;
			containerPortal = 6EC71B6A20596C3100C7F5F2 /* Project object */;
			proxyType = 1;
			remoteGlobalIDString = 6EC71B7120596C3100C7F5F2;
			remoteInfo = DPStyleExample;
		};
		6EC71B9220596C3100C7F5F2 /* PBXContainerItemProxy */ = {
			isa = PBXContainerItemProxy;
			containerPortal = 6EC71B6A20596C3100C7F5F2 /* Project object */;
			proxyType = 1;
			remoteGlobalIDString = 6EC71B7120596C3100C7F5F2;
			remoteInfo = DPStyleExample;
		};
/* End PBXContainerItemProxy section */

/* Begin PBXCopyFilesBuildPhase section */
		6EC71BAF205AD19C00C7F5F2 /* Embed Frameworks */ = {
			isa = PBXCopyFilesBuildPhase;
			buildActionMask = 2147483647;
			dstPath = "";
			dstSubfolderSpec = 10;
			files = (
				6EC71BAE205AD19C00C7F5F2 /* DPStyle.framework in Embed Frameworks */,
			);
			name = "Embed Frameworks";
			runOnlyForDeploymentPostprocessing = 0;
		};
/* End PBXCopyFilesBuildPhase section */

/* Begin PBXFileReference section */
		6EC71B7220596C3100C7F5F2 /* DPStyleExample.app */ = {isa = PBXFileReference; explicitFileType = wrapper.application; includeInIndex = 0; path = DPStyleExample.app; sourceTree = BUILT_PRODUCTS_DIR; };
		6EC71B7520596C3100C7F5F2 /* AppDelegate.swift */ = {isa = PBXFileReference; lastKnownFileType = sourcecode.swift; path = AppDelegate.swift; sourceTree = "<group>"; };
		6EC71B7720596C3100C7F5F2 /* ViewController.swift */ = {isa = PBXFileReference; lastKnownFileType = sourcecode.swift; path = ViewController.swift; sourceTree = "<group>"; };
		6EC71B7A20596C3100C7F5F2 /* Base */ = {isa = PBXFileReference; lastKnownFileType = file.storyboard; name = Base; path = Base.lproj/Main.storyboard; sourceTree = "<group>"; };
		6EC71B7C20596C3100C7F5F2 /* Assets.xcassets */ = {isa = PBXFileReference; lastKnownFileType = folder.assetcatalog; path = Assets.xcassets; sourceTree = "<group>"; };
		6EC71B7F20596C3100C7F5F2 /* Base */ = {isa = PBXFileReference; lastKnownFileType = file.storyboard; name = Base; path = Base.lproj/LaunchScreen.storyboard; sourceTree = "<group>"; };
		6EC71B8120596C3100C7F5F2 /* Info.plist */ = {isa = PBXFileReference; lastKnownFileType = text.plist.xml; path = Info.plist; sourceTree = "<group>"; };
		6EC71B8620596C3100C7F5F2 /* DPStyleExampleTests.xctest */ = {isa = PBXFileReference; explicitFileType = wrapper.cfbundle; includeInIndex = 0; path = DPStyleExampleTests.xctest; sourceTree = BUILT_PRODUCTS_DIR; };
		6EC71B8A20596C3100C7F5F2 /* DPStyleExampleTests.swift */ = {isa = PBXFileReference; lastKnownFileType = sourcecode.swift; path = DPStyleExampleTests.swift; sourceTree = "<group>"; };
		6EC71B8C20596C3100C7F5F2 /* Info.plist */ = {isa = PBXFileReference; lastKnownFileType = text.plist.xml; path = Info.plist; sourceTree = "<group>"; };
		6EC71B9120596C3100C7F5F2 /* DPStyleExampleUITests.xctest */ = {isa = PBXFileReference; explicitFileType = wrapper.cfbundle; includeInIndex = 0; path = DPStyleExampleUITests.xctest; sourceTree = BUILT_PRODUCTS_DIR; };
		6EC71B9520596C3100C7F5F2 /* DPStyleExampleUITests.swift */ = {isa = PBXFileReference; lastKnownFileType = sourcecode.swift; path = DPStyleExampleUITests.swift; sourceTree = "<group>"; };
		6EC71B9720596C3100C7F5F2 /* Info.plist */ = {isa = PBXFileReference; lastKnownFileType = text.plist.xml; path = Info.plist; sourceTree = "<group>"; };
		6EC71BA920596D3A00C7F5F2 /* DPStyle.framework */ = {isa = PBXFileReference; explicitFileType = wrapper.framework; path = DPStyle.framework; sourceTree = BUILT_PRODUCTS_DIR; };
		6EC71BB1205C29A800C7F5F2 /* Modules.swift */ = {isa = PBXFileReference; lastKnownFileType = sourcecode.swift; path = Modules.swift; sourceTree = "<group>"; };
/* End PBXFileReference section */

/* Begin PBXFrameworksBuildPhase section */
		6EC71B6F20596C3100C7F5F2 /* Frameworks */ = {
			isa = PBXFrameworksBuildPhase;
			buildActionMask = 2147483647;
			files = (
				6EC71BAD205AD19C00C7F5F2 /* DPStyle.framework in Frameworks */,
			);
			runOnlyForDeploymentPostprocessing = 0;
		};
		6EC71B8320596C3100C7F5F2 /* Frameworks */ = {
			isa = PBXFrameworksBuildPhase;
			buildActionMask = 2147483647;
			files = (
			);
			runOnlyForDeploymentPostprocessing = 0;
		};
		6EC71B8E20596C3100C7F5F2 /* Frameworks */ = {
			isa = PBXFrameworksBuildPhase;
			buildActionMask = 2147483647;
			files = (
			);
			runOnlyForDeploymentPostprocessing = 0;
		};
/* End PBXFrameworksBuildPhase section */

/* Begin PBXGroup section */
		6EC71B6920596C3100C7F5F2 = {
			isa = PBXGroup;
			children = (
				6EC71BB1205C29A800C7F5F2 /* Modules.swift */,
				6EC71B7420596C3100C7F5F2 /* DPStyleExample */,
				6EC71B8920596C3100C7F5F2 /* DPStyleExampleTests */,
				6EC71B9420596C3100C7F5F2 /* DPStyleExampleUITests */,
				6EC71B7320596C3100C7F5F2 /* Products */,
				6EC71BA720596D3A00C7F5F2 /* Frameworks */,
			);
			sourceTree = "<group>";
		};
		6EC71B7320596C3100C7F5F2 /* Products */ = {
			isa = PBXGroup;
			children = (
				6EC71B7220596C3100C7F5F2 /* DPStyleExample.app */,
				6EC71B8620596C3100C7F5F2 /* DPStyleExampleTests.xctest */,
				6EC71B9120596C3100C7F5F2 /* DPStyleExampleUITests.xctest */,
			);
			name = Products;
			sourceTree = "<group>";
		};
		6EC71B7420596C3100C7F5F2 /* DPStyleExample */ = {
			isa = PBXGroup;
			children = (
				6EC71B7520596C3100C7F5F2 /* AppDelegate.swift */,
				6EC71B7720596C3100C7F5F2 /* ViewController.swift */,
				6EC71B7920596C3100C7F5F2 /* Main.storyboard */,
				6EC71B7C20596C3100C7F5F2 /* Assets.xcassets */,
				6EC71B7E20596C3100C7F5F2 /* LaunchScreen.storyboard */,
				6EC71B8120596C3100C7F5F2 /* Info.plist */,
			);
			path = DPStyleExample;
			sourceTree = "<group>";
		};
		6EC71B8920596C3100C7F5F2 /* DPStyleExampleTests */ = {
			isa = PBXGroup;
			children = (
				6EC71B8A20596C3100C7F5F2 /* DPStyleExampleTests.swift */,
				6EC71B8C20596C3100C7F5F2 /* Info.plist */,
			);
			path = DPStyleExampleTests;
			sourceTree = "<group>";
		};
		6EC71B9420596C3100C7F5F2 /* DPStyleExampleUITests */ = {
			isa = PBXGroup;
			children = (
				6EC71B9520596C3100C7F5F2 /* DPStyleExampleUITests.swift */,
				6EC71B9720596C3100C7F5F2 /* Info.plist */,
			);
			path = DPStyleExampleUITests;
			sourceTree = "<group>";
		};
		6EC71BA720596D3A00C7F5F2 /* Frameworks */ = {
			isa = PBXGroup;
			children = (
				6EC71BA920596D3A00C7F5F2 /* DPStyle.framework */,
			);
			name = Frameworks;
			sourceTree = "<group>";
		};
/* End PBXGroup section */

/* Begin PBXNativeTarget section */
		6EC71B7120596C3100C7F5F2 /* DPStyleExample */ = {
			isa = PBXNativeTarget;
			buildConfigurationList = 6EC71B9A20596C3100C7F5F2 /* Build configuration list for PBXNativeTarget "DPStyleExample" */;
			buildPhases = (
				6EC71B6E20596C3100C7F5F2 /* Sources */,
				6EC71B6F20596C3100C7F5F2 /* Frameworks */,
				6EC71B7020596C3100C7F5F2 /* Resources */,
				6EC71BAF205AD19C00C7F5F2 /* Embed Frameworks */,
			);
			buildRules = (
			);
			dependencies = (
			);
			name = DPStyleExample;
			productName = DPStyleExample;
			productReference = 6EC71B7220596C3100C7F5F2 /* DPStyleExample.app */;
			productType = "com.apple.product-type.application";
		};
		6EC71B8520596C3100C7F5F2 /* DPStyleExampleTests */ = {
			isa = PBXNativeTarget;
			buildConfigurationList = 6EC71B9D20596C3100C7F5F2 /* Build configuration list for PBXNativeTarget "DPStyleExampleTests" */;
			buildPhases = (
				6EC71B8220596C3100C7F5F2 /* Sources */,
				6EC71B8320596C3100C7F5F2 /* Frameworks */,
				6EC71B8420596C3100C7F5F2 /* Resources */,
			);
			buildRules = (
			);
			dependencies = (
				6EC71B8820596C3100C7F5F2 /* PBXTargetDependency */,
			);
			name = DPStyleExampleTests;
			productName = DPStyleExampleTests;
			productReference = 6EC71B8620596C3100C7F5F2 /* DPStyleExampleTests.xctest */;
			productType = "com.apple.product-type.bundle.unit-test";
		};
		6EC71B9020596C3100C7F5F2 /* DPStyleExampleUITests */ = {
			isa = PBXNativeTarget;
			buildConfigurationList = 6EC71BA020596C3100C7F5F2 /* Build configuration list for PBXNativeTarget "DPStyleExampleUITests" */;
			buildPhases = (
				6EC71B8D20596C3100C7F5F2 /* Sources */,
				6EC71B8E20596C3100C7F5F2 /* Frameworks */,
				6EC71B8F20596C3100C7F5F2 /* Resources */,
			);
			buildRules = (
			);
			dependencies = (
				6EC71B9320596C3100C7F5F2 /* PBXTargetDependency */,
			);
			name = DPStyleExampleUITests;
			productName = DPStyleExampleUITests;
			productReference = 6EC71B9120596C3100C7F5F2 /* DPStyleExampleUITests.xctest */;
			productType = "com.apple.product-type.bundle.ui-testing";
		};
/* End PBXNativeTarget section */

/* Begin PBXProject section */
		6EC71B6A20596C3100C7F5F2 /* Project object */ = {
			isa = PBXProject;
			attributes = {
				LastSwiftUpdateCheck = 0920;
				LastUpgradeCheck = 0920;
				ORGANIZATIONNAME = "dancewithpeng@gmail.com";
				TargetAttributes = {
					6EC71B7120596C3100C7F5F2 = {
						CreatedOnToolsVersion = 9.2;
						ProvisioningStyle = Automatic;
					};
					6EC71B8520596C3100C7F5F2 = {
						CreatedOnToolsVersion = 9.2;
						ProvisioningStyle = Automatic;
						TestTargetID = 6EC71B7120596C3100C7F5F2;
					};
					6EC71B9020596C3100C7F5F2 = {
						CreatedOnToolsVersion = 9.2;
						ProvisioningStyle = Automatic;
						TestTargetID = 6EC71B7120596C3100C7F5F2;
					};
				};
			};
			buildConfigurationList = 6EC71B6D20596C3100C7F5F2 /* Build configuration list for PBXProject "DPStyleExample" */;
			compatibilityVersion = "Xcode 8.0";
			developmentRegion = en;
			hasScannedForEncodings = 0;
			knownRegions = (
				en,
				Base,
			);
			mainGroup = 6EC71B6920596C3100C7F5F2;
			productRefGroup = 6EC71B7320596C3100C7F5F2 /* Products */;
			projectDirPath = "";
			projectRoot = "";
			targets = (
				6EC71B7120596C3100C7F5F2 /* DPStyleExample */,
				6EC71B8520596C3100C7F5F2 /* DPStyleExampleTests */,
				6EC71B9020596C3100C7F5F2 /* DPStyleExampleUITests */,
			);
		};
/* End PBXProject section */

/* Begin PBXResourcesBuildPhase section */
		6EC71B7020596C3100C7F5F2 /* Resources */ = {
			isa = PBXResourcesBuildPhase;
			buildActionMask = 2147483647;
			files = (
				6EC71B8020596C3100C7F5F2 /* LaunchScreen.storyboard in Resources */,
				6EC71B7D20596C3100C7F5F2 /* Assets.xcassets in Resources */,
				6EC71B7B20596C3100C7F5F2 /* Main.storyboard in Resources */,
			);
			runOnlyForDeploymentPostprocessing = 0;
		};
		6EC71B8420596C3100C7F5F2 /* Resources */ = {
			isa = PBXResourcesBuildPhase;
			buildActionMask = 2147483647;
			files = (
			);
			runOnlyForDeploymentPostprocessing = 0;
		};
		6EC71B8F20596C3100C7F5F2 /* Resources */ = {
			isa = PBXResourcesBuildPhase;
			buildActionMask = 2147483647;
			files = (
			);
			runOnlyForDeploymentPostprocessing = 0;
		};
/* End PBXResourcesBuildPhase section */

/* Begin PBXSourcesBuildPhase section */
		6EC71B6E20596C3100C7F5F2 /* Sources */ = {
			isa = PBXSourcesBuildPhase;
			buildActionMask = 2147483647;
			files = (
				6EC71B7820596C3100C7F5F2 /* ViewController.swift in Sources */,
				6EC71BB2205C29A800C7F5F2 /* Modules.swift in Sources */,
				6EC71B7620596C3100C7F5F2 /* AppDelegate.swift in Sources */,
			);
			runOnlyForDeploymentPostprocessing = 0;
		};
		6EC71B8220596C3100C7F5F2 /* Sources */ = {
			isa = PBXSourcesBuildPhase;
			buildActionMask = 2147483647;
			files = (
				6EC71B8B20596C3100C7F5F2 /* DPStyleExampleTests.swift in Sources */,
			);
			runOnlyForDeploymentPostprocessing = 0;
		};
		6EC71B8D20596C3100C7F5F2 /* Sources */ = {
			isa = PBXSourcesBuildPhase;
			buildActionMask = 2147483647;
			files = (
				6EC71B9620596C3100C7F5F2 /* DPStyleExampleUITests.swift in Sources */,
			);
			runOnlyForDeploymentPostprocessing = 0;
		};
/* End PBXSourcesBuildPhase section */

/* Begin PBXTargetDependency section */
		6EC71B8820596C3100C7F5F2 /* PBXTargetDependency */ = {
			isa = PBXTargetDependency;
			target = 6EC71B7120596C3100C7F5F2 /* DPStyleExample */;
			targetProxy = 6EC71B8720596C3100C7F5F2 /* PBXContainerItemProxy */;
		};
		6EC71B9320596C3100C7F5F2 /* PBXTargetDependency */ = {
			isa = PBXTargetDependency;
			target = 6EC71B7120596C3100C7F5F2 /* DPStyleExample */;
			targetProxy = 6EC71B9220596C3100C7F5F2 /* PBXContainerItemProxy */;
		};
/* End PBXTargetDependency section */

/* Begin PBXVariantGroup section */
		6EC71B7920596C3100C7F5F2 /* Main.storyboard */ = {
			isa = PBXVariantGroup;
			children = (
				6EC71B7A20596C3100C7F5F2 /* Base */,
			);
			name = Main.storyboard;
			sourceTree = "<group>";
		};
		6EC71B7E20596C3100C7F5F2 /* LaunchScreen.storyboard */ = {
			isa = PBXVariantGroup;
			children = (
				6EC71B7F20596C3100C7F5F2 /* Base */,
			);
			name = LaunchScreen.storyboard;
			sourceTree = "<group>";
		};
/* End PBXVariantGroup section */

/* Begin XCBuildConfiguration section */
		6EC71B9820596C3100C7F5F2 /* Debug */ = {
			isa = XCBuildConfiguration;
			buildSettings = {
				ALWAYS_SEARCH_USER_PATHS = NO;
				CLANG_ANALYZER_NONNULL = YES;
				CLANG_ANALYZER_NUMBER_OBJECT_CONVERSION = YES_AGGRESSIVE;
				CLANG_CXX_LANGUAGE_STANDARD = "gnu++14";
				CLANG_CXX_LIBRARY = "libc++";
				CLANG_ENABLE_MODULES = YES;
				CLANG_ENABLE_OBJC_ARC = YES;
				CLANG_WARN_BLOCK_CAPTURE_AUTORELEASING = YES;
				CLANG_WARN_BOOL_CONVERSION = YES;
				CLANG_WARN_COMMA = YES;
				CLANG_WARN_CONSTANT_CONVERSION = YES;
				CLANG_WARN_DIRECT_OBJC_ISA_USAGE = YES_ERROR;
				CLANG_WARN_DOCUMENTATION_COMMENTS = YES;
				CLANG_WARN_EMPTY_BODY = YES;
				CLANG_WARN_ENUM_CONVERSION = YES;
				CLANG_WARN_INFINITE_RECURSION = YES;
				CLANG_WARN_INT_CONVERSION = YES;
				CLANG_WARN_NON_LITERAL_NULL_CONVERSION = YES;
				CLANG_WARN_OBJC_LITERAL_CONVERSION = YES;
				CLANG_WARN_OBJC_ROOT_CLASS = YES_ERROR;
				CLANG_WARN_RANGE_LOOP_ANALYSIS = YES;
				CLANG_WARN_STRICT_PROTOTYPES = YES;
				CLANG_WARN_SUSPICIOUS_MOVE = YES;
				CLANG_WARN_UNGUARDED_AVAILABILITY = YES_AGGRESSIVE;
				CLANG_WARN_UNREACHABLE_CODE = YES;
				CLANG_WARN__DUPLICATE_METHOD_MATCH = YES;
				CODE_SIGN_IDENTITY = "iPhone Developer";
				COPY_PHASE_STRIP = NO;
				DEBUG_INFORMATION_FORMAT = dwarf;
				ENABLE_STRICT_OBJC_MSGSEND = YES;
				ENABLE_TESTABILITY = YES;
				GCC_C_LANGUAGE_STANDARD = gnu11;
				GCC_DYNAMIC_NO_PIC = NO;
				GCC_NO_COMMON_BLOCKS = YES;
				GCC_OPTIMIZATION_LEVEL = 0;
				GCC_PREPROCESSOR_DEFINITIONS = (
					"DEBUG=1",
					"$(inherited)",
				);
				GCC_WARN_64_TO_32_BIT_CONVERSION = YES;
				GCC_WARN_ABOUT_RETURN_TYPE = YES_ERROR;
				GCC_WARN_UNDECLARED_SELECTOR = YES;
				GCC_WARN_UNINITIALIZED_AUTOS = YES_AGGRESSIVE;
				GCC_WARN_UNUSED_FUNCTION = YES;
				GCC_WARN_UNUSED_VARIABLE = YES;
				IPHONEOS_DEPLOYMENT_TARGET = 11.2;
				MTL_ENABLE_DEBUG_INFO = YES;
				ONLY_ACTIVE_ARCH = YES;
				SDKROOT = iphoneos;
				SWIFT_ACTIVE_COMPILATION_CONDITIONS = DEBUG;
				SWIFT_OPTIMIZATION_LEVEL = "-Onone";
			};
			name = Debug;
		};
		6EC71B9920596C3100C7F5F2 /* Release */ = {
			isa = XCBuildConfiguration;
			buildSettings = {
				ALWAYS_SEARCH_USER_PATHS = NO;
				CLANG_ANALYZER_NONNULL = YES;
				CLANG_ANALYZER_NUMBER_OBJECT_CONVERSION = YES_AGGRESSIVE;
				CLANG_CXX_LANGUAGE_STANDARD = "gnu++14";
				CLANG_CXX_LIBRARY = "libc++";
				CLANG_ENABLE_MODULES = YES;
				CLANG_ENABLE_OBJC_ARC = YES;
				CLANG_WARN_BLOCK_CAPTURE_AUTORELEASING = YES;
				CLANG_WARN_BOOL_CONVERSION = YES;
				CLANG_WARN_COMMA = YES;
				CLANG_WARN_CONSTANT_CONVERSION = YES;
				CLANG_WARN_DIRECT_OBJC_ISA_USAGE = YES_ERROR;
				CLANG_WARN_DOCUMENTATION_COMMENTS = YES;
				CLANG_WARN_EMPTY_BODY = YES;
				CLANG_WARN_ENUM_CONVERSION = YES;
				CLANG_WARN_INFINITE_RECURSION = YES;
				CLANG_WARN_INT_CONVERSION = YES;
				CLANG_WARN_NON_LITERAL_NULL_CONVERSION = YES;
				CLANG_WARN_OBJC_LITERAL_CONVERSION = YES;
				CLANG_WARN_OBJC_ROOT_CLASS = YES_ERROR;
				CLANG_WARN_RANGE_LOOP_ANALYSIS = YES;
				CLANG_WARN_STRICT_PROTOTYPES = YES;
				CLANG_WARN_SUSPICIOUS_MOVE = YES;
				CLANG_WARN_UNGUARDED_AVAILABILITY = YES_AGGRESSIVE;
				CLANG_WARN_UNREACHABLE_CODE = YES;
				CLANG_WARN__DUPLICATE_METHOD_MATCH = YES;
				CODE_SIGN_IDENTITY = "iPhone Developer";
				COPY_PHASE_STRIP = NO;
				DEBUG_INFORMATION_FORMAT = "dwarf-with-dsym";
				ENABLE_NS_ASSERTIONS = NO;
				ENABLE_STRICT_OBJC_MSGSEND = YES;
				GCC_C_LANGUAGE_STANDARD = gnu11;
				GCC_NO_COMMON_BLOCKS = YES;
				GCC_WARN_64_TO_32_BIT_CONVERSION = YES;
				GCC_WARN_ABOUT_RETURN_TYPE = YES_ERROR;
				GCC_WARN_UNDECLARED_SELECTOR = YES;
				GCC_WARN_UNINITIALIZED_AUTOS = YES_AGGRESSIVE;
				GCC_WARN_UNUSED_FUNCTION = YES;
				GCC_WARN_UNUSED_VARIABLE = YES;
				IPHONEOS_DEPLOYMENT_TARGET = 11.2;
				MTL_ENABLE_DEBUG_INFO = NO;
				SDKROOT = iphoneos;
				SWIFT_OPTIMIZATION_LEVEL = "-Owholemodule";
				VALIDATE_PRODUCT = YES;
			};
			name = Release;
		};
		6EC71B9B20596C3100C7F5F2 /* Debug */ = {
			isa = XCBuildConfiguration;
			buildSettings = {
				ASSETCATALOG_COMPILER_APPICON_NAME = AppIcon;
				CODE_SIGN_STYLE = Automatic;
				DEVELOPMENT_TEAM = MNYYTRW888;
				FRAMEWORK_SEARCH_PATHS = "";
				INFOPLIST_FILE = DPStyleExample/Info.plist;
				LD_RUNPATH_SEARCH_PATHS = "$(inherited) @executable_path/Frameworks";
				PRODUCT_BUNDLE_IDENTIFIER = DP.DPStyleExample;
				PRODUCT_NAME = "$(TARGET_NAME)";
				SWIFT_VERSION = 4.0;
				TARGETED_DEVICE_FAMILY = "1,2";
			};
			name = Debug;
		};
		6EC71B9C20596C3100C7F5F2 /* Release */ = {
			isa = XCBuildConfiguration;
			buildSettings = {
				ASSETCATALOG_COMPILER_APPICON_NAME = AppIcon;
				CODE_SIGN_STYLE = Automatic;
				DEVELOPMENT_TEAM = MNYYTRW888;
				FRAMEWORK_SEARCH_PATHS = "";
				INFOPLIST_FILE = DPStyleExample/Info.plist;
				LD_RUNPATH_SEARCH_PATHS = "$(inherited) @executable_path/Frameworks";
				PRODUCT_BUNDLE_IDENTIFIER = DP.DPStyleExample;
				PRODUCT_NAME = "$(TARGET_NAME)";
				SWIFT_VERSION = 4.0;
				TARGETED_DEVICE_FAMILY = "1,2";
			};
			name = Release;
		};
		6EC71B9E20596C3100C7F5F2 /* Debug */ = {
			isa = XCBuildConfiguration;
			buildSettings = {
				ALWAYS_EMBED_SWIFT_STANDARD_LIBRARIES = YES;
				BUNDLE_LOADER = "$(TEST_HOST)";
				CODE_SIGN_STYLE = Automatic;
				DEVELOPMENT_TEAM = MNYYTRW888;
				INFOPLIST_FILE = DPStyleExampleTests/Info.plist;
				LD_RUNPATH_SEARCH_PATHS = "$(inherited) @executable_path/Frameworks @loader_path/Frameworks";
				PRODUCT_BUNDLE_IDENTIFIER = DP.DPStyleExampleTests;
				PRODUCT_NAME = "$(TARGET_NAME)";
				SWIFT_VERSION = 4.0;
				TARGETED_DEVICE_FAMILY = "1,2";
				TEST_HOST = "$(BUILT_PRODUCTS_DIR)/DPStyleExample.app/DPStyleExample";
			};
			name = Debug;
		};
		6EC71B9F20596C3100C7F5F2 /* Release */ = {
			isa = XCBuildConfiguration;
			buildSettings = {
				ALWAYS_EMBED_SWIFT_STANDARD_LIBRARIES = YES;
				BUNDLE_LOADER = "$(TEST_HOST)";
				CODE_SIGN_STYLE = Automatic;
				DEVELOPMENT_TEAM = MNYYTRW888;
				INFOPLIST_FILE = DPStyleExampleTests/Info.plist;
				LD_RUNPATH_SEARCH_PATHS = "$(inherited) @executable_path/Frameworks @loader_path/Frameworks";
				PRODUCT_BUNDLE_IDENTIFIER = DP.DPStyleExampleTests;
				PRODUCT_NAME = "$(TARGET_NAME)";
				SWIFT_VERSION = 4.0;
				TARGETED_DEVICE_FAMILY = "1,2";
				TEST_HOST = "$(BUILT_PRODUCTS_DIR)/DPStyleExample.app/DPStyleExample";
			};
			name = Release;
		};
		6EC71BA120596C3100C7F5F2 /* Debug */ = {
			isa = XCBuildConfiguration;
			buildSettings = {
				ALWAYS_EMBED_SWIFT_STANDARD_LIBRARIES = YES;
				CODE_SIGN_STYLE = Automatic;
				DEVELOPMENT_TEAM = MNYYTRW888;
				INFOPLIST_FILE = DPStyleExampleUITests/Info.plist;
				LD_RUNPATH_SEARCH_PATHS = "$(inherited) @executable_path/Frameworks @loader_path/Frameworks";
				PRODUCT_BUNDLE_IDENTIFIER = DP.DPStyleExampleUITests;
				PRODUCT_NAME = "$(TARGET_NAME)";
				SWIFT_VERSION = 4.0;
				TARGETED_DEVICE_FAMILY = "1,2";
				TEST_TARGET_NAME = DPStyleExample;
			};
			name = Debug;
		};
		6EC71BA220596C3100C7F5F2 /* Release */ = {
			isa = XCBuildConfiguration;
			buildSettings = {
				ALWAYS_EMBED_SWIFT_STANDARD_LIBRARIES = YES;
				CODE_SIGN_STYLE = Automatic;
				DEVELOPMENT_TEAM = MNYYTRW888;
				INFOPLIST_FILE = DPStyleExampleUITests/Info.plist;
				LD_RUNPATH_SEARCH_PATHS = "$(inherited) @executable_path/Frameworks @loader_path/Frameworks";
				PRODUCT_BUNDLE_IDENTIFIER = DP.DPStyleExampleUITests;
				PRODUCT_NAME = "$(TARGET_NAME)";
				SWIFT_VERSION = 4.0;
				TARGETED_DEVICE_FAMILY = "1,2";
				TEST_TARGET_NAME = DPStyleExample;
			};
			name = Release;
		};
/* End XCBuildConfiguration section */

/* Begin XCConfigurationList section */
		6EC71B6D20596C3100C7F5F2 /* Build configuration list for PBXProject "DPStyleExample" */ = {
			isa = XCConfigurationList;
			buildConfigurations = (
				6EC71B9820596C3100C7F5F2 /* Debug */,
				6EC71B9920596C3100C7F5F2 /* Release */,
			);
			defaultConfigurationIsVisible = 0;
			defaultConfigurationName = Release;
		};
		6EC71B9A20596C3100C7F5F2 /* Build configuration list for PBXNativeTarget "DPStyleExample" */ = {
			isa = XCConfigurationList;
			buildConfigurations = (
				6EC71B9B20596C3100C7F5F2 /* Debug */,
				6EC71B9C20596C3100C7F5F2 /* Release */,
			);
			defaultConfigurationIsVisible = 0;
			defaultConfigurationName = Release;
		};
		6EC71B9D20596C3100C7F5F2 /* Build configuration list for PBXNativeTarget "DPStyleExampleTests" */ = {
			isa = XCConfigurationList;
			buildConfigurations = (
				6EC71B9E20596C3100C7F5F2 /* Debug */,
				6EC71B9F20596C3100C7F5F2 /* Release */,
			);
			defaultConfigurationIsVisible = 0;
			defaultConfigurationName = Release;
		};
		6EC71BA020596C3100C7F5F2 /* Build configuration list for PBXNativeTarget "DPStyleExampleUITests" */ = {
			isa = XCConfigurationList;
			buildConfigurations = (
				6EC71BA120596C3100C7F5F2 /* Debug */,
				6EC71BA220596C3100C7F5F2 /* Release */,
			);
			defaultConfigurationIsVisible = 0;
			defaultConfigurationName = Release;
		};
/* End XCConfigurationList section */
	};
	rootObject = 6EC71B6A20596C3100C7F5F2 /* Project object */;
}
